<?xml version="1.0" encoding="UTF-8" standalone="yes" ?>
<CodeBlocks_project_file>
	<FileVersion major="1" minor="6" />
	<Project>
		<Option title="CSPICE" />
		<Option execution_dir="." />
		<Option pch_mode="2" />
		<Option compiler="gcc" />
		<Build>
			<Target title="Debug">
				<Option output="bin\Debug\CSPICE" prefix_auto="1" extension_auto="1" />
				<Option object_output="obj\Debug\" />
				<Option type="1" />
				<Option compiler="gcc" />
				<Compiler>
					<Add option="-g" />
				</Compiler>
			</Target>
			<Target title="Release">
				<Option output="bin\Release\CSPICE" prefix_auto="1" extension_auto="1" />
				<Option object_output="obj\Release\" />
				<Option type="1" />
				<Option compiler="gcc" />
				<Compiler>
					<Add option="-O2" />
				</Compiler>
				<Linker>
					<Add option="-s" />
				</Linker>
			</Target>
			<Target title="default">
				<Option output="&lt;invalid path&gt;" prefix_auto="1" extension_auto="1" />
				<Option type="0" />
				<Option compiler="gcc" />
			</Target>
		</Build>
		<Compiler>
			<Add option="-Wall" />
		</Compiler>
		<Unit filename="temp\Makefile">
			<Option target="Debug" />
			<Option target="Release" />
		</Unit>
		<Unit filename="temp\Sem Titulo1Frm.cpp">
			<Option target="Debug" />
			<Option target="Release" />
		</Unit>
		<Unit filename="temp\Sem Titulo1Frm.h">
			<Option target="Debug" />
			<Option target="Release" />
		</Unit>
		<Unit filename="temp\Sem Titulo1Frm.wxform">
			<Option target="Debug" />
			<Option target="Release" />
		</Unit>
		<Unit filename="temp\Untitled1.o">
			<Option target="Debug" />
			<Option target="Release" />
		</Unit>
		<Unit filename="temp\algebra.o">
			<Option target="Debug" />
			<Option target="Release" />
		</Unit>
		<Unit filename="temp\component.c">
			<Option compilerVar="CC" />
			<Option target="Debug" />
			<Option target="Release" />
		</Unit>
		<Unit filename="temp\component.cpp">
			<Option target="Debug" />
			<Option target="Release" />
		</Unit>
		<Unit filename="temp\component.h">
			<Option target="Debug" />
			<Option target="Release" />
		</Unit>
		<Unit filename="temp\component.o">
			<Option target="Debug" />
			<Option target="Release" />
		</Unit>
		<Unit filename="temp\graphics.c">
			<Option compilerVar="CC" />
			<Option target="Debug" />
			<Option target="Release" />
		</Unit>
		<Unit filename="temp\graphics.h">
			<Option target="Debug" />
			<Option target="Release" />
		</Unit>
		<Unit filename="temp\lll.o">
			<Option target="Debug" />
			<Option target="Release" />
		</Unit>
		<Unit filename="temp\main.c">
			<Option compilerVar="CC" />
			<Option target="Debug" />
			<Option target="Release" />
		</Unit>
		<Unit filename="temp\main.h">
			<Option target="Debug" />
			<Option target="Release" />
		</Unit>
		<Unit filename="temp\main.o">
			<Option target="Debug" />
			<Option target="Release" />
		</Unit>
		<Extensions>
			<code_completion />
			<debugger />
		</Extensions>
	</Project>
</CodeBlocks_project_file>
